
Microsoft Visual Studio Solution File, Format Version 12.00
# Visual Studio Version 17
VisualStudioVersion = 17.14.36414.22
MinimumVisualStudioVersion = 10.0.40219.1
Project("{2150E333-8FDC-42A3-9474-1A3956D46DE8}") = "Task0", "Task0", "{02EA681E-C7D8-13C7-8484-4AC65E1B71E8}"
EndProject
Project("{FAE04EC0-301F-11D3-BF4B-00C04F79EFBC}") = "Tyuiu.GolovanovDO.Sprint3.Task0.V4", "Tyuiu.GolovanovDO.Sprint3.Task0.V4\Tyuiu.GolovanovDO.Sprint3.Task0.V4.csproj", "{28FE6152-868E-43D7-9507-C8CE0532146F}"
EndProject
Project("{FAE04EC0-301F-11D3-BF4B-00C04F79EFBC}") = "Tyuiu.GolovanovDO.Sprint3.Task0.V4.Lib", "Tyuiu.GolovanovDO.Sprint3.Task0.V4.Lib\Tyuiu.GolovanovDO.Sprint3.Task0.V4.Lib.csproj", "{056840B1-F11A-4FB3-A3CC-D7698C18F635}"
EndProject
Project("{FAE04EC0-301F-11D3-BF4B-00C04F79EFBC}") = "Tyuiu.GolovanovDO.Sprint3.Task0.V4.Test", "Tyuiu.GolovanovDO.Sprint3.Task0.V4.Test\Tyuiu.GolovanovDO.Sprint3.Task0.V4.Test.csproj", "{C826D075-FE47-4827-8972-AE35EDE26862}"
EndProject
Project("{2150E333-8FDC-42A3-9474-1A3956D46DE8}") = "Task1", "Task1", "{55D63862-C769-436D-8AA1-DE50770FFB77}"
EndProject
Project("{FAE04EC0-301F-11D3-BF4B-00C04F79EFBC}") = "Tyuiu.GolovanovDO.Sprint3.Task1.V27", "Tyuiu.GolovanovDO.Sprint3.Task1.V27\Tyuiu.GolovanovDO.Sprint3.Task1.V27.csproj", "{1C5CC518-0B33-4CCB-8ED0-C1FA1AD36A9F}"
EndProject
Project("{FAE04EC0-301F-11D3-BF4B-00C04F79EFBC}") = "Tyuiu.GolovanovDO.Sprint3.Task1.V27.Lib", "Tyuiu.GolovanovDO.Sprint3.Task1.V27.Lib\Tyuiu.GolovanovDO.Sprint3.Task1.V27.Lib.csproj", "{28F7BADE-6C0E-46C1-811B-065BAE8E9CAB}"
EndProject
Project("{FAE04EC0-301F-11D3-BF4B-00C04F79EFBC}") = "Tyuiu.GolovanovDO.Sprint3.Task1.V27.Test", "Tyuiu.GolovanovDO.Sprint3.Task1.V27.Test\Tyuiu.GolovanovDO.Sprint3.Task1.V27.Test.csproj", "{E095823A-9A1B-461F-B22C-FEEF7AC036CA}"
EndProject
Project("{2150E333-8FDC-42A3-9474-1A3956D46DE8}") = "Task2", "Task2", "{5B59478D-270A-4FEE-BC44-C929FE933832}"
EndProject
Project("{FAE04EC0-301F-11D3-BF4B-00C04F79EFBC}") = "Tyuiu.GolovanovDO.Sprint3.Task2.V21", "Tyuiu.GolovanovDO.Sprint3.Task2.V21\Tyuiu.GolovanovDO.Sprint3.Task2.V21.csproj", "{788288C6-98E8-4CE3-BA6A-AC05FC76E6F4}"
EndProject
Project("{FAE04EC0-301F-11D3-BF4B-00C04F79EFBC}") = "Tyuiu.GolovanovDO.Sprint3.Task2.V21.Lib", "Tyuiu.GolovanovDO.Sprint3.Task2.V21.Lib\Tyuiu.GolovanovDO.Sprint3.Task2.V21.Lib.csproj", "{21884EF9-A35A-48F4-9EBA-791F7EBE627D}"
EndProject
Project("{FAE04EC0-301F-11D3-BF4B-00C04F79EFBC}") = "Tyuiu.GolovanovDO.Sprint3.Task2.V21.Test", "Tyuiu.GolovanovDO.Sprint3.Task2.V21.Test\Tyuiu.GolovanovDO.Sprint3.Task2.V21.Test.csproj", "{1FD4ACB3-057C-4B95-9660-25995784D34B}"
EndProject
Project("{2150E333-8FDC-42A3-9474-1A3956D46DE8}") = "Task3", "Task3", "{FAE3B8AC-C87C-469B-AB91-BB6D1E11C976}"
EndProject
Project("{FAE04EC0-301F-11D3-BF4B-00C04F79EFBC}") = "Tyuiu.GolovanovDO.Sprint3.Task3.V10", "Tyuiu.GolovanovDO.Sprint3.Task3.V10\Tyuiu.GolovanovDO.Sprint3.Task3.V10.csproj", "{880F9635-C2F1-43A1-AE3B-493BB720260C}"
EndProject
Project("{FAE04EC0-301F-11D3-BF4B-00C04F79EFBC}") = "Tyuiu.GolovanovDO.Sprint3.Task3.V10.Lib", "Tyuiu.GolovanovDO.Sprint3.Task3.V10.Lib\Tyuiu.GolovanovDO.Sprint3.Task3.V10.Lib.csproj", "{AAC494A9-0E35-4671-8EC8-E163A3323692}"
EndProject
Project("{FAE04EC0-301F-11D3-BF4B-00C04F79EFBC}") = "Tyuiu.GolovanovDO.Sprint3.Task3.V10.Test", "Tyuiu.GolovanovDO.Sprint3.Task3.V10.Test\Tyuiu.GolovanovDO.Sprint3.Task3.V10.Test.csproj", "{B65ADA4E-EB28-4201-A735-CF7138422830}"
EndProject
Project("{2150E333-8FDC-42A3-9474-1A3956D46DE8}") = "Task4", "Task4", "{D4A696D8-7347-4D51-AC84-4EF944B67527}"
EndProject
Project("{FAE04EC0-301F-11D3-BF4B-00C04F79EFBC}") = "Tyuiu.GolovanovDO.Sprint3.Task4.V9", "Tyuiu.GolovanovDO.Sprint3.Task4.V9\Tyuiu.GolovanovDO.Sprint3.Task4.V9.csproj", "{EC28AB26-4AE8-4448-B9A7-7341A29CCAAD}"
EndProject
Project("{FAE04EC0-301F-11D3-BF4B-00C04F79EFBC}") = "Tyuiu.GolovanovDO.Sprint3.Task4.V9.Lib", "Tyuiu.GolovanovDO.Sprint3.Task4.V9.Lib\Tyuiu.GolovanovDO.Sprint3.Task4.V9.Lib.csproj", "{E48F0C26-A6F4-4DF7-A1BD-DF7326193301}"
EndProject
Project("{FAE04EC0-301F-11D3-BF4B-00C04F79EFBC}") = "Tyuiu.GolovanovDO.Sprint3.Task4.V9.Test", "Tyuiu.GolovanovDO.Sprint3.Task4.V9.Test\Tyuiu.GolovanovDO.Sprint3.Task4.V9.Test.csproj", "{001FEFD2-E446-42D5-A045-03402B486BBB}"
EndProject
Project("{2150E333-8FDC-42A3-9474-1A3956D46DE8}") = "Task5", "Task5", "{B6AF1EE0-6504-47C3-B8EF-08C968B53A3D}"
EndProject
Project("{FAE04EC0-301F-11D3-BF4B-00C04F79EFBC}") = "Tyuiu.GolovanovDO.Sprint3.Task5.V15", "Tyuiu.GolovanovDO.Sprint3.Task5.V15\Tyuiu.GolovanovDO.Sprint3.Task5.V15.csproj", "{5AFDCBE8-46DE-4244-BF19-4167894720DC}"
EndProject
Project("{FAE04EC0-301F-11D3-BF4B-00C04F79EFBC}") = "Tyuiu.GolovanovDO.Sprint3.Task5.V15.Lib", "Tyuiu.GolovanovDO.Sprint3.Task5.V15.Lib\Tyuiu.GolovanovDO.Sprint3.Task5.V15.Lib.csproj", "{EECFEB9E-22AF-490E-8CB9-A83C5BA0D41C}"
EndProject
Project("{FAE04EC0-301F-11D3-BF4B-00C04F79EFBC}") = "Tyuiu.GolovanovDO.Sprint3.Task5.V15.Test", "Tyuiu.GolovanovDO.Sprint3.Task5.V15.Test\Tyuiu.GolovanovDO.Sprint3.Task5.V15.Test.csproj", "{BC92A6B6-D0BA-4FAF-87E1-0A61A804247E}"
EndProject
Global
	GlobalSection(SolutionConfigurationPlatforms) = preSolution
		Debug|Any CPU = Debug|Any CPU
		Release|Any CPU = Release|Any CPU
	EndGlobalSection
	GlobalSection(ProjectConfigurationPlatforms) = postSolution
		{28FE6152-868E-43D7-9507-C8CE0532146F}.Debug|Any CPU.ActiveCfg = Debug|Any CPU
		{28FE6152-868E-43D7-9507-C8CE0532146F}.Debug|Any CPU.Build.0 = Debug|Any CPU
		{28FE6152-868E-43D7-9507-C8CE0532146F}.Release|Any CPU.ActiveCfg = Release|Any CPU
		{28FE6152-868E-43D7-9507-C8CE0532146F}.Release|Any CPU.Build.0 = Release|Any CPU
		{056840B1-F11A-4FB3-A3CC-D7698C18F635}.Debug|Any CPU.ActiveCfg = Debug|Any CPU
		{056840B1-F11A-4FB3-A3CC-D7698C18F635}.Debug|Any CPU.Build.0 = Debug|Any CPU
		{056840B1-F11A-4FB3-A3CC-D7698C18F635}.Release|Any CPU.ActiveCfg = Release|Any CPU
		{056840B1-F11A-4FB3-A3CC-D7698C18F635}.Release|Any CPU.Build.0 = Release|Any CPU
		{C826D075-FE47-4827-8972-AE35EDE26862}.Debug|Any CPU.ActiveCfg = Debug|Any CPU
		{C826D075-FE47-4827-8972-AE35EDE26862}.Debug|Any CPU.Build.0 = Debug|Any CPU
		{C826D075-FE47-4827-8972-AE35EDE26862}.Release|Any CPU.ActiveCfg = Release|Any CPU
		{C826D075-FE47-4827-8972-AE35EDE26862}.Release|Any CPU.Build.0 = Release|Any CPU
		{1C5CC518-0B33-4CCB-8ED0-C1FA1AD36A9F}.Debug|Any CPU.ActiveCfg = Debug|Any CPU
		{1C5CC518-0B33-4CCB-8ED0-C1FA1AD36A9F}.Debug|Any CPU.Build.0 = Debug|Any CPU
		{1C5CC518-0B33-4CCB-8ED0-C1FA1AD36A9F}.Release|Any CPU.ActiveCfg = Release|Any CPU
		{1C5CC518-0B33-4CCB-8ED0-C1FA1AD36A9F}.Release|Any CPU.Build.0 = Release|Any CPU
		{28F7BADE-6C0E-46C1-811B-065BAE8E9CAB}.Debug|Any CPU.ActiveCfg = Debug|Any CPU
		{28F7BADE-6C0E-46C1-811B-065BAE8E9CAB}.Debug|Any CPU.Build.0 = Debug|Any CPU
		{28F7BADE-6C0E-46C1-811B-065BAE8E9CAB}.Release|Any CPU.ActiveCfg = Release|Any CPU
		{28F7BADE-6C0E-46C1-811B-065BAE8E9CAB}.Release|Any CPU.Build.0 = Release|Any CPU
		{E095823A-9A1B-461F-B22C-FEEF7AC036CA}.Debug|Any CPU.ActiveCfg = Debug|Any CPU
		{E095823A-9A1B-461F-B22C-FEEF7AC036CA}.Debug|Any CPU.Build.0 = Debug|Any CPU
		{E095823A-9A1B-461F-B22C-FEEF7AC036CA}.Release|Any CPU.ActiveCfg = Release|Any CPU
		{E095823A-9A1B-461F-B22C-FEEF7AC036CA}.Release|Any CPU.Build.0 = Release|Any CPU
		{788288C6-98E8-4CE3-BA6A-AC05FC76E6F4}.Debug|Any CPU.ActiveCfg = Debug|Any CPU
		{788288C6-98E8-4CE3-BA6A-AC05FC76E6F4}.Debug|Any CPU.Build.0 = Debug|Any CPU
		{788288C6-98E8-4CE3-BA6A-AC05FC76E6F4}.Release|Any CPU.ActiveCfg = Release|Any CPU
		{788288C6-98E8-4CE3-BA6A-AC05FC76E6F4}.Release|Any CPU.Build.0 = Release|Any CPU
		{21884EF9-A35A-48F4-9EBA-791F7EBE627D}.Debug|Any CPU.ActiveCfg = Debug|Any CPU
		{21884EF9-A35A-48F4-9EBA-791F7EBE627D}.Debug|Any CPU.Build.0 = Debug|Any CPU
		{21884EF9-A35A-48F4-9EBA-791F7EBE627D}.Release|Any CPU.ActiveCfg = Release|Any CPU
		{21884EF9-A35A-48F4-9EBA-791F7EBE627D}.Release|Any CPU.Build.0 = Release|Any CPU
		{1FD4ACB3-057C-4B95-9660-25995784D34B}.Debug|Any CPU.ActiveCfg = Debug|Any CPU
		{1FD4ACB3-057C-4B95-9660-25995784D34B}.Debug|Any CPU.Build.0 = Debug|Any CPU
		{1FD4ACB3-057C-4B95-9660-25995784D34B}.Release|Any CPU.ActiveCfg = Release|Any CPU
		{1FD4ACB3-057C-4B95-9660-25995784D34B}.Release|Any CPU.Build.0 = Release|Any CPU
		{880F9635-C2F1-43A1-AE3B-493BB720260C}.Debug|Any CPU.ActiveCfg = Debug|Any CPU
		{880F9635-C2F1-43A1-AE3B-493BB720260C}.Debug|Any CPU.Build.0 = Debug|Any CPU
		{880F9635-C2F1-43A1-AE3B-493BB720260C}.Release|Any CPU.ActiveCfg = Release|Any CPU
		{880F9635-C2F1-43A1-AE3B-493BB720260C}.Release|Any CPU.Build.0 = Release|Any CPU
		{AAC494A9-0E35-4671-8EC8-E163A3323692}.Debug|Any CPU.ActiveCfg = Debug|Any CPU
		{AAC494A9-0E35-4671-8EC8-E163A3323692}.Debug|Any CPU.Build.0 = Debug|Any CPU
		{AAC494A9-0E35-4671-8EC8-E163A3323692}.Release|Any CPU.ActiveCfg = Release|Any CPU
		{AAC494A9-0E35-4671-8EC8-E163A3323692}.Release|Any CPU.Build.0 = Release|Any CPU
		{B65ADA4E-EB28-4201-A735-CF7138422830}.Debug|Any CPU.ActiveCfg = Debug|Any CPU
		{B65ADA4E-EB28-4201-A735-CF7138422830}.Debug|Any CPU.Build.0 = Debug|Any CPU
		{B65ADA4E-EB28-4201-A735-CF7138422830}.Release|Any CPU.ActiveCfg = Release|Any CPU
		{B65ADA4E-EB28-4201-A735-CF7138422830}.Release|Any CPU.Build.0 = Release|Any CPU
		{EC28AB26-4AE8-4448-B9A7-7341A29CCAAD}.Debug|Any CPU.ActiveCfg = Debug|Any CPU
		{EC28AB26-4AE8-4448-B9A7-7341A29CCAAD}.Debug|Any CPU.Build.0 = Debug|Any CPU
		{EC28AB26-4AE8-4448-B9A7-7341A29CCAAD}.Release|Any CPU.ActiveCfg = Release|Any CPU
		{EC28AB26-4AE8-4448-B9A7-7341A29CCAAD}.Release|Any CPU.Build.0 = Release|Any CPU
		{E48F0C26-A6F4-4DF7-A1BD-DF7326193301}.Debug|Any CPU.ActiveCfg = Debug|Any CPU
		{E48F0C26-A6F4-4DF7-A1BD-DF7326193301}.Debug|Any CPU.Build.0 = Debug|Any CPU
		{E48F0C26-A6F4-4DF7-A1BD-DF7326193301}.Release|Any CPU.ActiveCfg = Release|Any CPU
		{E48F0C26-A6F4-4DF7-A1BD-DF7326193301}.Release|Any CPU.Build.0 = Release|Any CPU
		{001FEFD2-E446-42D5-A045-03402B486BBB}.Debug|Any CPU.ActiveCfg = Debug|Any CPU
		{001FEFD2-E446-42D5-A045-03402B486BBB}.Debug|Any CPU.Build.0 = Debug|Any CPU
		{001FEFD2-E446-42D5-A045-03402B486BBB}.Release|Any CPU.ActiveCfg = Release|Any CPU
		{001FEFD2-E446-42D5-A045-03402B486BBB}.Release|Any CPU.Build.0 = Release|Any CPU
		{5AFDCBE8-46DE-4244-BF19-4167894720DC}.Debug|Any CPU.ActiveCfg = Debug|Any CPU
		{5AFDCBE8-46DE-4244-BF19-4167894720DC}.Debug|Any CPU.Build.0 = Debug|Any CPU
		{5AFDCBE8-46DE-4244-BF19-4167894720DC}.Release|Any CPU.ActiveCfg = Release|Any CPU
		{5AFDCBE8-46DE-4244-BF19-4167894720DC}.Release|Any CPU.Build.0 = Release|Any CPU
		{EECFEB9E-22AF-490E-8CB9-A83C5BA0D41C}.Debug|Any CPU.ActiveCfg = Debug|Any CPU
		{EECFEB9E-22AF-490E-8CB9-A83C5BA0D41C}.Debug|Any CPU.Build.0 = Debug|Any CPU
		{EECFEB9E-22AF-490E-8CB9-A83C5BA0D41C}.Release|Any CPU.ActiveCfg = Release|Any CPU
		{EECFEB9E-22AF-490E-8CB9-A83C5BA0D41C}.Release|Any CPU.Build.0 = Release|Any CPU
		{BC92A6B6-D0BA-4FAF-87E1-0A61A804247E}.Debug|Any CPU.ActiveCfg = Debug|Any CPU
		{BC92A6B6-D0BA-4FAF-87E1-0A61A804247E}.Debug|Any CPU.Build.0 = Debug|Any CPU
		{BC92A6B6-D0BA-4FAF-87E1-0A61A804247E}.Release|Any CPU.ActiveCfg = Release|Any CPU
		{BC92A6B6-D0BA-4FAF-87E1-0A61A804247E}.Release|Any CPU.Build.0 = Release|Any CPU
	EndGlobalSection
	GlobalSection(SolutionProperties) = preSolution
		HideSolutionNode = FALSE
	EndGlobalSection
	GlobalSection(NestedProjects) = preSolution
		{28FE6152-868E-43D7-9507-C8CE0532146F} = {02EA681E-C7D8-13C7-8484-4AC65E1B71E8}
		{056840B1-F11A-4FB3-A3CC-D7698C18F635} = {02EA681E-C7D8-13C7-8484-4AC65E1B71E8}
		{C826D075-FE47-4827-8972-AE35EDE26862} = {02EA681E-C7D8-13C7-8484-4AC65E1B71E8}
		{1C5CC518-0B33-4CCB-8ED0-C1FA1AD36A9F} = {55D63862-C769-436D-8AA1-DE50770FFB77}
		{28F7BADE-6C0E-46C1-811B-065BAE8E9CAB} = {55D63862-C769-436D-8AA1-DE50770FFB77}
		{E095823A-9A1B-461F-B22C-FEEF7AC036CA} = {55D63862-C769-436D-8AA1-DE50770FFB77}
		{788288C6-98E8-4CE3-BA6A-AC05FC76E6F4} = {5B59478D-270A-4FEE-BC44-C929FE933832}
		{21884EF9-A35A-48F4-9EBA-791F7EBE627D} = {5B59478D-270A-4FEE-BC44-C929FE933832}
		{1FD4ACB3-057C-4B95-9660-25995784D34B} = {5B59478D-270A-4FEE-BC44-C929FE933832}
		{880F9635-C2F1-43A1-AE3B-493BB720260C} = {FAE3B8AC-C87C-469B-AB91-BB6D1E11C976}
		{AAC494A9-0E35-4671-8EC8-E163A3323692} = {FAE3B8AC-C87C-469B-AB91-BB6D1E11C976}
		{B65ADA4E-EB28-4201-A735-CF7138422830} = {FAE3B8AC-C87C-469B-AB91-BB6D1E11C976}
		{EC28AB26-4AE8-4448-B9A7-7341A29CCAAD} = {D4A696D8-7347-4D51-AC84-4EF944B67527}
		{E48F0C26-A6F4-4DF7-A1BD-DF7326193301} = {D4A696D8-7347-4D51-AC84-4EF944B67527}
		{001FEFD2-E446-42D5-A045-03402B486BBB} = {D4A696D8-7347-4D51-AC84-4EF944B67527}
		{5AFDCBE8-46DE-4244-BF19-4167894720DC} = {B6AF1EE0-6504-47C3-B8EF-08C968B53A3D}
		{EECFEB9E-22AF-490E-8CB9-A83C5BA0D41C} = {B6AF1EE0-6504-47C3-B8EF-08C968B53A3D}
		{BC92A6B6-D0BA-4FAF-87E1-0A61A804247E} = {B6AF1EE0-6504-47C3-B8EF-08C968B53A3D}
	EndGlobalSection
	GlobalSection(ExtensibilityGlobals) = postSolution
		SolutionGuid = {A2DAC007-6039-45D0-8C09-57B512FAAC82}
	EndGlobalSection
EndGlobal
